
Microsoft Visual Studio Solution File, Format Version 12.00
# Visual Studio Version 17
VisualStudioVersion = 17.4.33122.133
MinimumVisualStudioVersion = 10.0.40219.1
Project("{9A19103F-16F7-4668-BE54-9A1E7A4F7556}") = "BusinessLayer", "BusinessLayer\BusinessLayer.csproj", "{E2686DFE-5AB0-4634-9E92-48434D7DC9A9}"
EndProject
Project("{FAE04EC0-301F-11D3-BF4B-00C04F79EFBC}") = "DataLayer", "DataLayer\DataLayer.csproj", "{66673F85-2E5C-4AF4-BBF3-C51D8B4F81EE}"
EndProject
Project("{FAE04EC0-301F-11D3-BF4B-00C04F79EFBC}") = "TestingLayer", "TestingLayer\TestingLayer.csproj", "{C31A35A1-DDD4-44E7-8181-BCDBE5C38A81}"
EndProject
Global
	GlobalSection(SolutionConfigurationPlatforms) = preSolution
		Debug|Any CPU = Debug|Any CPU
		Release|Any CPU = Release|Any CPU
	EndGlobalSection
	GlobalSection(ProjectConfigurationPlatforms) = postSolution
		{E2686DFE-5AB0-4634-9E92-48434D7DC9A9}.Debug|Any CPU.ActiveCfg = Debug|Any CPU
		{E2686DFE-5AB0-4634-9E92-48434D7DC9A9}.Debug|Any CPU.Build.0 = Debug|Any CPU
		{E2686DFE-5AB0-4634-9E92-48434D7DC9A9}.Release|Any CPU.ActiveCfg = Release|Any CPU
		{E2686DFE-5AB0-4634-9E92-48434D7DC9A9}.Release|Any CPU.Build.0 = Release|Any CPU
		{66673F85-2E5C-4AF4-BBF3-C51D8B4F81EE}.Debug|Any CPU.ActiveCfg = Debug|Any CPU
		{66673F85-2E5C-4AF4-BBF3-C51D8B4F81EE}.Debug|Any CPU.Build.0 = Debug|Any CPU
		{66673F85-2E5C-4AF4-BBF3-C51D8B4F81EE}.Release|Any CPU.ActiveCfg = Release|Any CPU
		{66673F85-2E5C-4AF4-BBF3-C51D8B4F81EE}.Release|Any CPU.Build.0 = Release|Any CPU
		{C31A35A1-DDD4-44E7-8181-BCDBE5C38A81}.Debug|Any CPU.ActiveCfg = Debug|Any CPU
		{C31A35A1-DDD4-44E7-8181-BCDBE5C38A81}.Debug|Any CPU.Build.0 = Debug|Any CPU
		{C31A35A1-DDD4-44E7-8181-BCDBE5C38A81}.Release|Any CPU.ActiveCfg = Release|Any CPU
		{C31A35A1-DDD4-44E7-8181-BCDBE5C38A81}.Release|Any CPU.Build.0 = Release|Any CPU
	EndGlobalSection
	GlobalSection(SolutionProperties) = preSolution
		HideSolutionNode = FALSE
	EndGlobalSection
	GlobalSection(ExtensibilityGlobals) = postSolution
		SolutionGuid = {3F7B36A5-02F4-4D55-89C6-7BDABE0551A9}
	EndGlobalSection
EndGlobal
